<?xml version="1.0" encoding="utf-8"?>
<Project ToolsVersion="4.0" xmlns="http://schemas.microsoft.com/developer/msbuild/2003">
  <ItemGroup>
    <Filter Include="Source Files">
      <UniqueIdentifier>{4FC737F1-C7A5-4376-A066-2A32D752A2FF}</UniqueIdentifier>
      <Extensions>cpp;c;cc;cxx;def;odl;idl;hpj;bat;asm;asmx</Extensions>
    </Filter>
    <Filter Include="Header Files">
      <UniqueIdentifier>{93995380-89BD-4b04-88EB-625FBE52EBFB}</UniqueIdentifier>
      <Extensions>h;hpp;hxx;hm;inl;inc;xsd</Extensions>
    </Filter>
    <Filter Include="Resource Files">
      <UniqueIdentifier>{67DA6AB6-F800-4c08-8B7A-83BB121AAD01}</UniqueIdentifier>
      <Extensions>rc;ico;cur;bmp;dlg;rc2;rct;bin;rgs;gif;jpg;jpeg;jpe;resx;tiff;tif;png;wav;mfcribbon-ms</Extensions>
    </Filter>
    <Filter Include="Header Files\managed">
      <UniqueIdentifier>{0ed4030f-96a6-4d16-a631-74bb913c2ab7}</UniqueIdentifier>
    </Filter>
    <Filter Include="Source Files\managed">
      <UniqueIdentifier>{ff7f6bca-c98e-44b8-8408-3bf5c40d5bf3}</UniqueIdentifier>
    </Filter>
  </ItemGroup>
  <ItemGroup>
    <ClInclude Include="file_object.h">
      <Filter>Header Files</Filter>
    </ClInclude>
    <ClInclude Include="memdb.h">
      <Filter>Header Files</Filter>
    </ClInclude>
    <ClInclude Include="memdb_file_data.h">
      <Filter>Header Files</Filter>
    </ClInclude>
    <ClInclude Include="memdb_file_io.h">
      <Filter>Header Files</Filter>
    </ClInclude>
    <ClInclude Include="memdb_vfs.h">
      <Filter>Header Files</Filter>
    </ClInclude>
    <ClInclude Include="sqlite3.h">
      <Filter>Header Files</Filter>
    </ClInclude>
    <ClInclude Include="vfs_object.h">
      <Filter>Header Files</Filter>
    </ClInclude>
    <ClInclude Include="MemdbStream.h">
      <Filter>Header Files\managed</Filter>
    </ClInclude>
    <ClInclude Include="InMemoryDatabase.h">
      <Filter>Header Files\managed</Filter>
    </ClInclude>
  </ItemGroup>
  <ItemGroup>
    <ClCompile Include="file_object.cpp">
      <Filter>Source Files</Filter>
    </ClCompile>
    <ClCompile Include="memdb.cpp">
      <Filter>Source Files</Filter>
    </ClCompile>
    <ClCompile Include="memdb_file_data.cpp">
      <Filter>Source Files</Filter>
    </ClCompile>
    <ClCompile Include="memdb_file_io.cpp">
      <Filter>Source Files</Filter>
    </ClCompile>
    <ClCompile Include="memdb_vfs.cpp">
      <Filter>Source Files</Filter>
    </ClCompile>
    <ClCompile Include="vfs_object.cpp">
      <Filter>Source Files</Filter>
    </ClCompile>
    <ClCompile Include="InMemoryDatabase.cpp">
      <Filter>Source Files\managed</Filter>
    </ClCompile>
    <ClCompile Include="MemdbStream.cpp">
      <Filter>Source Files\managed</Filter>
    </ClCompile>
    <ClCompile Include="AssemblyInfo.cpp">
      <Filter>Source Files\managed</Filter>
    </ClCompile>
  </ItemGroup>
</Project>